
Microsoft Visual Studio Solution File, Format Version 12.00
# Visual Studio Version 16
VisualStudioVersion = 16.0.31613.86
MinimumVisualStudioVersion = 10.0.40219.1
Project("{8BC9CEB8-8B4A-11D0-8D11-00A0C91BC942}") = "03 - Entrada de Datos - Ejercicio 2", "03 - Entrada de Datos - Ejercicio 2\03 - Entrada de Datos - Ejercicio 2.vcxproj", "{B87EC92D-7343-41AD-910A-2031DA03260E}"
EndProject
Global
	GlobalSection(SolutionConfigurationPlatforms) = preSolution
		Debug|x64 = Debug|x64
		Debug|x86 = Debug|x86
		Release|x64 = Release|x64
		Release|x86 = Release|x86
	EndGlobalSection
	GlobalSection(ProjectConfigurationPlatforms) = postSolution
		{B87EC92D-7343-41AD-910A-2031DA03260E}.Debug|x64.ActiveCfg = Debug|x64
		{B87EC92D-7343-41AD-910A-2031DA03260E}.Debug|x64.Build.0 = Debug|x64
		{B87EC92D-7343-41AD-910A-2031DA03260E}.Debug|x86.ActiveCfg = Debug|Win32
		{B87EC92D-7343-41AD-910A-2031DA03260E}.Debug|x86.Build.0 = Debug|Win32
		{B87EC92D-7343-41AD-910A-2031DA03260E}.Release|x64.ActiveCfg = Release|x64
		{B87EC92D-7343-41AD-910A-2031DA03260E}.Release|x64.Build.0 = Release|x64
		{B87EC92D-7343-41AD-910A-2031DA03260E}.Release|x86.ActiveCfg = Release|Win32
		{B87EC92D-7343-41AD-910A-2031DA03260E}.Release|x86.Build.0 = Release|Win32
	EndGlobalSection
	GlobalSection(SolutionProperties) = preSolution
		HideSolutionNode = FALSE
	EndGlobalSection
	GlobalSection(ExtensibilityGlobals) = postSolution
		SolutionGuid = {57630481-212D-495D-AE70-9BCC2E3FF48C}
	EndGlobalSection
EndGlobal
